
Microsoft Visual Studio Solution File, Format Version 12.00
# Visual Studio Version 16
VisualStudioVersion = 16.0.31321.278
MinimumVisualStudioVersion = 10.0.40219.1
Project("{FAE04EC0-301F-11D3-BF4B-00C04F79EFBC}") = "classes_Dallas", "classes_Dallas.csproj", "{47054FE5-198E-4BC6-94C0-52F98AC41035}"
EndProject
Global
	GlobalSection(SolutionConfigurationPlatforms) = preSolution
		Debug|Any CPU = Debug|Any CPU
		Release|Any CPU = Release|Any CPU
	EndGlobalSection
	GlobalSection(ProjectConfigurationPlatforms) = postSolution
		{47054FE5-198E-4BC6-94C0-52F98AC41035}.Debug|Any CPU.ActiveCfg = Debug|Any CPU
		{47054FE5-198E-4BC6-94C0-52F98AC41035}.Debug|Any CPU.Build.0 = Debug|Any CPU
		{47054FE5-198E-4BC6-94C0-52F98AC41035}.Release|Any CPU.ActiveCfg = Release|Any CPU
		{47054FE5-198E-4BC6-94C0-52F98AC41035}.Release|Any CPU.Build.0 = Release|Any CPU
	EndGlobalSection
	GlobalSection(SolutionProperties) = preSolution
		HideSolutionNode = FALSE
	EndGlobalSection
	GlobalSection(ExtensibilityGlobals) = postSolution
		SolutionGuid = {0310D6A8-7717-42EB-83B2-82E50A522254}
	EndGlobalSection
EndGlobal
